
Microsoft Visual Studio Solution File, Format Version 12.00
Project("{9A19103F-16F7-4668-BE54-9A1E7A4F7556}") = "CSharpSandbox.Maui.ToDoList.Mvp", "CSharpSandbox.Maui.ToDoList.Mvp\CSharpSandbox.Maui.ToDoList.Mvp.csproj", "{9FC4343A-09A9-4E2C-B105-3803B6B4EDFD}"
EndProject
Global
	GlobalSection(SolutionConfigurationPlatforms) = preSolution
		Debug|Any CPU = Debug|Any CPU
		Release|Any CPU = Release|Any CPU
	EndGlobalSection
	GlobalSection(ProjectConfigurationPlatforms) = postSolution
		{9FC4343A-09A9-4E2C-B105-3803B6B4EDFD}.Debug|Any CPU.ActiveCfg = Debug|Any CPU
		{9FC4343A-09A9-4E2C-B105-3803B6B4EDFD}.Debug|Any CPU.Build.0 = Debug|Any CPU
		{9FC4343A-09A9-4E2C-B105-3803B6B4EDFD}.Release|Any CPU.ActiveCfg = Release|Any CPU
		{9FC4343A-09A9-4E2C-B105-3803B6B4EDFD}.Release|Any CPU.Build.0 = Release|Any CPU
	EndGlobalSection
EndGlobal
